
Microsoft Visual Studio Solution File, Format Version 12.00
# Visual Studio Version 16
VisualStudioVersion = 16.0.29424.173
MinimumVisualStudioVersion = 10.0.40219.1
Project("{FAE04EC0-301F-11D3-BF4B-00C04F79EFBC}") = "Sungitsa.Model", "Sungitsa.Model\Sungitsa.Model.csproj", "{295FBF39-CF5C-46C3-A1C7-2B5E2D9C889B}"
EndProject
Project("{FAE04EC0-301F-11D3-BF4B-00C04F79EFBC}") = "Sungitsa.View", "Sungitsa.View\Sungitsa.View.csproj", "{FC13075A-B9FB-4104-8DBC-0B89AB247E9D}"
EndProject
Global
	GlobalSection(SolutionConfigurationPlatforms) = preSolution
		Debug|Any CPU = Debug|Any CPU
		Release|Any CPU = Release|Any CPU
	EndGlobalSection
	GlobalSection(ProjectConfigurationPlatforms) = postSolution
		{295FBF39-CF5C-46C3-A1C7-2B5E2D9C889B}.Debug|Any CPU.ActiveCfg = Debug|Any CPU
		{295FBF39-CF5C-46C3-A1C7-2B5E2D9C889B}.Debug|Any CPU.Build.0 = Debug|Any CPU
		{295FBF39-CF5C-46C3-A1C7-2B5E2D9C889B}.Release|Any CPU.ActiveCfg = Release|Any CPU
		{295FBF39-CF5C-46C3-A1C7-2B5E2D9C889B}.Release|Any CPU.Build.0 = Release|Any CPU
		{FC13075A-B9FB-4104-8DBC-0B89AB247E9D}.Debug|Any CPU.ActiveCfg = Debug|Any CPU
		{FC13075A-B9FB-4104-8DBC-0B89AB247E9D}.Debug|Any CPU.Build.0 = Debug|Any CPU
		{FC13075A-B9FB-4104-8DBC-0B89AB247E9D}.Release|Any CPU.ActiveCfg = Release|Any CPU
		{FC13075A-B9FB-4104-8DBC-0B89AB247E9D}.Release|Any CPU.Build.0 = Release|Any CPU
	EndGlobalSection
	GlobalSection(SolutionProperties) = preSolution
		HideSolutionNode = FALSE
	EndGlobalSection
	GlobalSection(ExtensibilityGlobals) = postSolution
		SolutionGuid = {AA1396D4-D662-484B-8DDE-BFED9A7F7958}
	EndGlobalSection
EndGlobal
